
Microsoft Visual Studio Solution File, Format Version 12.00
Project("{FAE04EC0-301F-11D3-BF4B-00C04F79EFBC}") = "01_oop", "01_oop\01_oop.csproj", "{7BB6217F-5272-46A3-8C95-74E90BCC5FF7}"
EndProject
Project("{FAE04EC0-301F-11D3-BF4B-00C04F79EFBC}") = "02_oop", "02_oop\02_oop.csproj", "{71E48F64-197C-454E-81E6-A42C89CF0971}"
EndProject
Global
	GlobalSection(SolutionConfigurationPlatforms) = preSolution
		Debug|Any CPU = Debug|Any CPU
		Release|Any CPU = Release|Any CPU
	EndGlobalSection
	GlobalSection(ProjectConfigurationPlatforms) = postSolution
		{7BB6217F-5272-46A3-8C95-74E90BCC5FF7}.Debug|Any CPU.ActiveCfg = Debug|Any CPU
		{7BB6217F-5272-46A3-8C95-74E90BCC5FF7}.Debug|Any CPU.Build.0 = Debug|Any CPU
		{7BB6217F-5272-46A3-8C95-74E90BCC5FF7}.Release|Any CPU.ActiveCfg = Release|Any CPU
		{7BB6217F-5272-46A3-8C95-74E90BCC5FF7}.Release|Any CPU.Build.0 = Release|Any CPU
		{71E48F64-197C-454E-81E6-A42C89CF0971}.Debug|Any CPU.ActiveCfg = Debug|Any CPU
		{71E48F64-197C-454E-81E6-A42C89CF0971}.Debug|Any CPU.Build.0 = Debug|Any CPU
		{71E48F64-197C-454E-81E6-A42C89CF0971}.Release|Any CPU.ActiveCfg = Release|Any CPU
		{71E48F64-197C-454E-81E6-A42C89CF0971}.Release|Any CPU.Build.0 = Release|Any CPU
	EndGlobalSection
EndGlobal
